// !$*UTF8*$!
{
	archiveVersion = 1;
	classes = {
	};
	objectVersion = 50;
	objects = {

/* Begin PBXBuildFile section */
		0C4A880EFB7829A2DC06415D /* Pods_redeuxTests.framework in Frameworks */ = {isa = PBXBuildFile; fileRef = 123E93FDF315E60326D6691A /* Pods_redeuxTests.framework */; };
		491287F5213386AD00FAB2DA /* Redux.swift in Sources */ = {isa = PBXBuildFile; fileRef = 491287F4213386AD00FAB2DA /* Redux.swift */; };
		491287FA2133876200FAB2DA /* AppState.swift in Sources */ = {isa = PBXBuildFile; fileRef = 491287F92133876200FAB2DA /* AppState.swift */; };
		491287FC213387B100FAB2DA /* AppReducer.swift in Sources */ = {isa = PBXBuildFile; fileRef = 491287FB213387B100FAB2DA /* AppReducer.swift */; };
		49128801213388EE00FAB2DA /* Router.swift in Sources */ = {isa = PBXBuildFile; fileRef = 49128800213388EE00FAB2DA /* Router.swift */; };
		4912880621338AA800FAB2DA /* RootRoutable.swift in Sources */ = {isa = PBXBuildFile; fileRef = 4912880521338AA800FAB2DA /* RootRoutable.swift */; };
		491288092133910500FAB2DA /* SplashViewController.swift in Sources */ = {isa = PBXBuildFile; fileRef = 491288082133910500FAB2DA /* SplashViewController.swift */; };
		4912880C2133923400FAB2DA /* SignInViewController.swift in Sources */ = {isa = PBXBuildFile; fileRef = 4912880B2133923400FAB2DA /* SignInViewController.swift */; };
		4912880E2133987B00FAB2DA /* SessionProvider.swift in Sources */ = {isa = PBXBuildFile; fileRef = 4912880D2133987B00FAB2DA /* SessionProvider.swift */; };
		49128811213398A300FAB2DA /* AuthActions.swift in Sources */ = {isa = PBXBuildFile; fileRef = 49128810213398A300FAB2DA /* AuthActions.swift */; };
		49128813213398FA00FAB2DA /* AuthState.swift in Sources */ = {isa = PBXBuildFile; fileRef = 49128812213398FA00FAB2DA /* AuthState.swift */; };
		491288152133991F00FAB2DA /* Session.swift in Sources */ = {isa = PBXBuildFile; fileRef = 491288142133991F00FAB2DA /* Session.swift */; };
		491288172133A7DD00FAB2DA /* SignInState.swift in Sources */ = {isa = PBXBuildFile; fileRef = 491288162133A7DD00FAB2DA /* SignInState.swift */; };
		491288192133AD2F00FAB2DA /* SignInReducer.swift in Sources */ = {isa = PBXBuildFile; fileRef = 491288182133AD2F00FAB2DA /* SignInReducer.swift */; };
		4912881B2133B2D200FAB2DA /* StoreLogger.swift in Sources */ = {isa = PBXBuildFile; fileRef = 4912881A2133B2D200FAB2DA /* StoreLogger.swift */; };
		4912881D2133B66800FAB2DA /* ActionLogger.swift in Sources */ = {isa = PBXBuildFile; fileRef = 4912881C2133B66800FAB2DA /* ActionLogger.swift */; };
		49573DE5213349B4008CB521 /* AppDelegate.swift in Sources */ = {isa = PBXBuildFile; fileRef = 49573DE4213349B4008CB521 /* AppDelegate.swift */; };
		49573DEC213349B6008CB521 /* Assets.xcassets in Resources */ = {isa = PBXBuildFile; fileRef = 49573DEB213349B6008CB521 /* Assets.xcassets */; };
		49573DEF213349B6008CB521 /* LaunchScreen.storyboard in Resources */ = {isa = PBXBuildFile; fileRef = 49573DED213349B6008CB521 /* LaunchScreen.storyboard */; };
		49573DFA213349B6008CB521 /* redeuxTests.swift in Sources */ = {isa = PBXBuildFile; fileRef = 49573DF9213349B6008CB521 /* redeuxTests.swift */; };
		5358F69BA9B6FF31AB935001 /* Pods_redeux.framework in Frameworks */ = {isa = PBXBuildFile; fileRef = 6A5122D82EC2FFFE17035EDC /* Pods_redeux.framework */; };
/* End PBXBuildFile section */

/* Begin PBXContainerItemProxy section */
		49573DF6213349B6008CB521 /* PBXContainerItemProxy */ = {
			isa = PBXContainerItemProxy;
			containerPortal = 49573DD9213349B4008CB521 /* Project object */;
			proxyType = 1;
			remoteGlobalIDString = 49573DE0213349B4008CB521;
			remoteInfo = redeux;
		};
/* End PBXContainerItemProxy section */

/* Begin PBXFileReference section */
		123E93FDF315E60326D6691A /* Pods_redeuxTests.framework */ = {isa = PBXFileReference; explicitFileType = wrapper.framework; includeInIndex = 0; path = Pods_redeuxTests.framework; sourceTree = BUILT_PRODUCTS_DIR; };
		1F91B14AECC63123E89CD299 /* Pods-redeuxTests.debug.xcconfig */ = {isa = PBXFileReference; includeInIndex = 1; lastKnownFileType = text.xcconfig; name = "Pods-redeuxTests.debug.xcconfig"; path = "Pods/Target Support Files/Pods-redeuxTests/Pods-redeuxTests.debug.xcconfig"; sourceTree = "<group>"; };
		47DFD92EB36018F3102983E0 /* Pods-redeuxTests.release.xcconfig */ = {isa = PBXFileReference; includeInIndex = 1; lastKnownFileType = text.xcconfig; name = "Pods-redeuxTests.release.xcconfig"; path = "Pods/Target Support Files/Pods-redeuxTests/Pods-redeuxTests.release.xcconfig"; sourceTree = "<group>"; };
		491287F4213386AD00FAB2DA /* Redux.swift */ = {isa = PBXFileReference; lastKnownFileType = sourcecode.swift; path = Redux.swift; sourceTree = "<group>"; };
		491287F92133876200FAB2DA /* AppState.swift */ = {isa = PBXFileReference; lastKnownFileType = sourcecode.swift; path = AppState.swift; sourceTree = "<group>"; };
		491287FB213387B100FAB2DA /* AppReducer.swift */ = {isa = PBXFileReference; lastKnownFileType = sourcecode.swift; path = AppReducer.swift; sourceTree = "<group>"; };
		49128800213388EE00FAB2DA /* Router.swift */ = {isa = PBXFileReference; lastKnownFileType = sourcecode.swift; path = Router.swift; sourceTree = "<group>"; };
		4912880521338AA800FAB2DA /* RootRoutable.swift */ = {isa = PBXFileReference; lastKnownFileType = sourcecode.swift; path = RootRoutable.swift; sourceTree = "<group>"; };
		491288082133910500FAB2DA /* SplashViewController.swift */ = {isa = PBXFileReference; lastKnownFileType = sourcecode.swift; path = SplashViewController.swift; sourceTree = "<group>"; };
		4912880B2133923400FAB2DA /* SignInViewController.swift */ = {isa = PBXFileReference; lastKnownFileType = sourcecode.swift; path = SignInViewController.swift; sourceTree = "<group>"; };
		4912880D2133987B00FAB2DA /* SessionProvider.swift */ = {isa = PBXFileReference; lastKnownFileType = sourcecode.swift; path = SessionProvider.swift; sourceTree = "<group>"; };
		49128810213398A300FAB2DA /* AuthActions.swift */ = {isa = PBXFileReference; lastKnownFileType = sourcecode.swift; path = AuthActions.swift; sourceTree = "<group>"; };
		49128812213398FA00FAB2DA /* AuthState.swift */ = {isa = PBXFileReference; lastKnownFileType = sourcecode.swift; path = AuthState.swift; sourceTree = "<group>"; };
		491288142133991F00FAB2DA /* Session.swift */ = {isa = PBXFileReference; lastKnownFileType = sourcecode.swift; path = Session.swift; sourceTree = "<group>"; };
		491288162133A7DD00FAB2DA /* SignInState.swift */ = {isa = PBXFileReference; lastKnownFileType = sourcecode.swift; path = SignInState.swift; sourceTree = "<group>"; };
		491288182133AD2F00FAB2DA /* SignInReducer.swift */ = {isa = PBXFileReference; lastKnownFileType = sourcecode.swift; path = SignInReducer.swift; sourceTree = "<group>"; };
		4912881A2133B2D200FAB2DA /* StoreLogger.swift */ = {isa = PBXFileReference; lastKnownFileType = sourcecode.swift; path = StoreLogger.swift; sourceTree = "<group>"; };
		4912881C2133B66800FAB2DA /* ActionLogger.swift */ = {isa = PBXFileReference; lastKnownFileType = sourcecode.swift; path = ActionLogger.swift; sourceTree = "<group>"; };
		49573DE1213349B4008CB521 /* redeux.app */ = {isa = PBXFileReference; explicitFileType = wrapper.application; includeInIndex = 0; path = redeux.app; sourceTree = BUILT_PRODUCTS_DIR; };
		49573DE4213349B4008CB521 /* AppDelegate.swift */ = {isa = PBXFileReference; lastKnownFileType = sourcecode.swift; path = AppDelegate.swift; sourceTree = "<group>"; };
		49573DEB213349B6008CB521 /* Assets.xcassets */ = {isa = PBXFileReference; lastKnownFileType = folder.assetcatalog; path = Assets.xcassets; sourceTree = "<group>"; };
		49573DEE213349B6008CB521 /* Base */ = {isa = PBXFileReference; lastKnownFileType = file.storyboard; name = Base; path = Base.lproj/LaunchScreen.storyboard; sourceTree = "<group>"; };
		49573DF0213349B6008CB521 /* Info.plist */ = {isa = PBXFileReference; lastKnownFileType = text.plist.xml; path = Info.plist; sourceTree = "<group>"; };
		49573DF5213349B6008CB521 /* redeuxTests.xctest */ = {isa = PBXFileReference; explicitFileType = wrapper.cfbundle; includeInIndex = 0; path = redeuxTests.xctest; sourceTree = BUILT_PRODUCTS_DIR; };
		49573DF9213349B6008CB521 /* redeuxTests.swift */ = {isa = PBXFileReference; lastKnownFileType = sourcecode.swift; path = redeuxTests.swift; sourceTree = "<group>"; };
		49573DFB213349B6008CB521 /* Info.plist */ = {isa = PBXFileReference; lastKnownFileType = text.plist.xml; path = Info.plist; sourceTree = "<group>"; };
		6A5122D82EC2FFFE17035EDC /* Pods_redeux.framework */ = {isa = PBXFileReference; explicitFileType = wrapper.framework; includeInIndex = 0; path = Pods_redeux.framework; sourceTree = BUILT_PRODUCTS_DIR; };
		6EA40BDE40893439CF120C77 /* Pods-redeux.release.xcconfig */ = {isa = PBXFileReference; includeInIndex = 1; lastKnownFileType = text.xcconfig; name = "Pods-redeux.release.xcconfig"; path = "Pods/Target Support Files/Pods-redeux/Pods-redeux.release.xcconfig"; sourceTree = "<group>"; };
		93FF7E2D423B0FA7B0FA2A96 /* Pods-redeux.debug.xcconfig */ = {isa = PBXFileReference; includeInIndex = 1; lastKnownFileType = text.xcconfig; name = "Pods-redeux.debug.xcconfig"; path = "Pods/Target Support Files/Pods-redeux/Pods-redeux.debug.xcconfig"; sourceTree = "<group>"; };
/* End PBXFileReference section */

/* Begin PBXFrameworksBuildPhase section */
		49573DDE213349B4008CB521 /* Frameworks */ = {
			isa = PBXFrameworksBuildPhase;
			buildActionMask = 2147483647;
			files = (
				5358F69BA9B6FF31AB935001 /* Pods_redeux.framework in Frameworks */,
			);
			runOnlyForDeploymentPostprocessing = 0;
		};
		49573DF2213349B6008CB521 /* Frameworks */ = {
			isa = PBXFrameworksBuildPhase;
			buildActionMask = 2147483647;
			files = (
				0C4A880EFB7829A2DC06415D /* Pods_redeuxTests.framework in Frameworks */,
			);
			runOnlyForDeploymentPostprocessing = 0;
		};
/* End PBXFrameworksBuildPhase section */

/* Begin PBXGroup section */
		07E462CA092522661998816D /* Frameworks */ = {
			isa = PBXGroup;
			children = (
				6A5122D82EC2FFFE17035EDC /* Pods_redeux.framework */,
				123E93FDF315E60326D6691A /* Pods_redeuxTests.framework */,
			);
			name = Frameworks;
			sourceTree = "<group>";
		};
		3E87711715713BC1219530EC /* Pods */ = {
			isa = PBXGroup;
			children = (
				93FF7E2D423B0FA7B0FA2A96 /* Pods-redeux.debug.xcconfig */,
				6EA40BDE40893439CF120C77 /* Pods-redeux.release.xcconfig */,
				1F91B14AECC63123E89CD299 /* Pods-redeuxTests.debug.xcconfig */,
				47DFD92EB36018F3102983E0 /* Pods-redeuxTests.release.xcconfig */,
			);
			name = Pods;
			sourceTree = "<group>";
		};
		491287F32133869000FAB2DA /* Redux */ = {
			isa = PBXGroup;
			children = (
				491287F8213386CB00FAB2DA /* Actions */,
				491287F7213386C400FAB2DA /* Reducers */,
				491287F6213386B300FAB2DA /* States */,
				491287F4213386AD00FAB2DA /* Redux.swift */,
			);
			path = Redux;
			sourceTree = "<group>";
		};
		491287F6213386B300FAB2DA /* States */ = {
			isa = PBXGroup;
			children = (
				491287F92133876200FAB2DA /* AppState.swift */,
				49128812213398FA00FAB2DA /* AuthState.swift */,
			);
			path = States;
			sourceTree = "<group>";
		};
		491287F7213386C400FAB2DA /* Reducers */ = {
			isa = PBXGroup;
			children = (
				491287FB213387B100FAB2DA /* AppReducer.swift */,
			);
			path = Reducers;
			sourceTree = "<group>";
		};
		491287F8213386CB00FAB2DA /* Actions */ = {
			isa = PBXGroup;
			children = (
				49128810213398A300FAB2DA /* AuthActions.swift */,
			);
			path = Actions;
			sourceTree = "<group>";
		};
		491287FD213387FE00FAB2DA /* Templates */ = {
			isa = PBXGroup;
			children = (
				4912880A2133921F00FAB2DA /* SignIn */,
				49128807213390EF00FAB2DA /* Splash */,
			);
			path = Templates;
			sourceTree = "<group>";
		};
		491287FE2133881E00FAB2DA /* Services */ = {
			isa = PBXGroup;
			children = (
				4912880D2133987B00FAB2DA /* SessionProvider.swift */,
			);
			path = Services;
			sourceTree = "<group>";
		};
		491287FF2133884000FAB2DA /* Routes */ = {
			isa = PBXGroup;
			children = (
				49128800213388EE00FAB2DA /* Router.swift */,
				4912880521338AA800FAB2DA /* RootRoutable.swift */,
			);
			path = Routes;
			sourceTree = "<group>";
		};
		491288022133899A00FAB2DA /* Data */ = {
			isa = PBXGroup;
			children = (
				491288142133991F00FAB2DA /* Session.swift */,
			);
			path = Data;
			sourceTree = "<group>";
		};
		49128803213389B700FAB2DA /* Util */ = {
			isa = PBXGroup;
			children = (
				4912881A2133B2D200FAB2DA /* StoreLogger.swift */,
				4912881C2133B66800FAB2DA /* ActionLogger.swift */,
			);
			path = Util;
			sourceTree = "<group>";
		};
		49128807213390EF00FAB2DA /* Splash */ = {
			isa = PBXGroup;
			children = (
				491288082133910500FAB2DA /* SplashViewController.swift */,
			);
			path = Splash;
			sourceTree = "<group>";
		};
		4912880A2133921F00FAB2DA /* SignIn */ = {
			isa = PBXGroup;
			children = (
				4912880B2133923400FAB2DA /* SignInViewController.swift */,
				491288162133A7DD00FAB2DA /* SignInState.swift */,
				491288182133AD2F00FAB2DA /* SignInReducer.swift */,
			);
			path = SignIn;
			sourceTree = "<group>";
		};
		49573DD8213349B4008CB521 = {
			isa = PBXGroup;
			children = (
				49573DE3213349B4008CB521 /* redeux */,
				49573DF8213349B6008CB521 /* redeuxTests */,
				49573DE2213349B4008CB521 /* Products */,
				3E87711715713BC1219530EC /* Pods */,
				07E462CA092522661998816D /* Frameworks */,
			);
			sourceTree = "<group>";
		};
		49573DE2213349B4008CB521 /* Products */ = {
			isa = PBXGroup;
			children = (
				49573DE1213349B4008CB521 /* redeux.app */,
				49573DF5213349B6008CB521 /* redeuxTests.xctest */,
			);
			name = Products;
			sourceTree = "<group>";
		};
		49573DE3213349B4008CB521 /* redeux */ = {
			isa = PBXGroup;
			children = (
				49128803213389B700FAB2DA /* Util */,
				491288022133899A00FAB2DA /* Data */,
				491287FF2133884000FAB2DA /* Routes */,
				491287FE2133881E00FAB2DA /* Services */,
				491287FD213387FE00FAB2DA /* Templates */,
				491287F32133869000FAB2DA /* Redux */,
				49573DE4213349B4008CB521 /* AppDelegate.swift */,
				49573DEB213349B6008CB521 /* Assets.xcassets */,
				49573DED213349B6008CB521 /* LaunchScreen.storyboard */,
				49573DF0213349B6008CB521 /* Info.plist */,
			);
			path = redeux;
			sourceTree = "<group>";
		};
		49573DF8213349B6008CB521 /* redeuxTests */ = {
			isa = PBXGroup;
			children = (
				49573DF9213349B6008CB521 /* redeuxTests.swift */,
				49573DFB213349B6008CB521 /* Info.plist */,
			);
			path = redeuxTests;
			sourceTree = "<group>";
		};
/* End PBXGroup section */

/* Begin PBXNativeTarget section */
		49573DE0213349B4008CB521 /* redeux */ = {
			isa = PBXNativeTarget;
			buildConfigurationList = 49573DFE213349B6008CB521 /* Build configuration list for PBXNativeTarget "redeux" */;
			buildPhases = (
				0199C6F060C3250E3AAA56E7 /* [CP] Check Pods Manifest.lock */,
				491287F12133829700FAB2DA /* Compile Resources - R.swift */,
				49573DDD213349B4008CB521 /* Sources */,
				49573DDE213349B4008CB521 /* Frameworks */,
				49573DDF213349B4008CB521 /* Resources */,
				A6148C7A51FCA8AD491D6D7A /* [CP] Embed Pods Frameworks */,
			);
			buildRules = (
			);
			dependencies = (
			);
			name = redeux;
			productName = redeux;
			productReference = 49573DE1213349B4008CB521 /* redeux.app */;
			productType = "com.apple.product-type.application";
		};
		49573DF4213349B6008CB521 /* redeuxTests */ = {
			isa = PBXNativeTarget;
			buildConfigurationList = 49573E01213349B6008CB521 /* Build configuration list for PBXNativeTarget "redeuxTests" */;
			buildPhases = (
				C27B9E885A68F7F1E58FB17F /* [CP] Check Pods Manifest.lock */,
				49573DF1213349B6008CB521 /* Sources */,
				49573DF2213349B6008CB521 /* Frameworks */,
				49573DF3213349B6008CB521 /* Resources */,
			);
			buildRules = (
			);
			dependencies = (
				49573DF7213349B6008CB521 /* PBXTargetDependency */,
			);
			name = redeuxTests;
			productName = redeuxTests;
			productReference = 49573DF5213349B6008CB521 /* redeuxTests.xctest */;
			productType = "com.apple.product-type.bundle.unit-test";
		};
/* End PBXNativeTarget section */

/* Begin PBXProject section */
		49573DD9213349B4008CB521 /* Project object */ = {
			isa = PBXProject;
			attributes = {
				LastSwiftUpdateCheck = 0940;
				LastUpgradeCheck = 0940;
				ORGANIZATIONNAME = "Andrew Wells";
				TargetAttributes = {
					49573DE0213349B4008CB521 = {
						CreatedOnToolsVersion = 9.4.1;
					};
					49573DF4213349B6008CB521 = {
						CreatedOnToolsVersion = 9.4.1;
						TestTargetID = 49573DE0213349B4008CB521;
					};
				};
			};
			buildConfigurationList = 49573DDC213349B4008CB521 /* Build configuration list for PBXProject "redeux" */;
			compatibilityVersion = "Xcode 9.3";
			developmentRegion = en;
			hasScannedForEncodings = 0;
			knownRegions = (
				en,
				Base,
			);
			mainGroup = 49573DD8213349B4008CB521;
			productRefGroup = 49573DE2213349B4008CB521 /* Products */;
			projectDirPath = "";
			projectRoot = "";
			targets = (
				49573DE0213349B4008CB521 /* redeux */,
				49573DF4213349B6008CB521 /* redeuxTests */,
			);
		};
/* End PBXProject section */

/* Begin PBXResourcesBuildPhase section */
		49573DDF213349B4008CB521 /* Resources */ = {
			isa = PBXResourcesBuildPhase;
			buildActionMask = 2147483647;
			files = (
				49573DEF213349B6008CB521 /* LaunchScreen.storyboard in Resources */,
				49573DEC213349B6008CB521 /* Assets.xcassets in Resources */,
			);
			runOnlyForDeploymentPostprocessing = 0;
		};
		49573DF3213349B6008CB521 /* Resources */ = {
			isa = PBXResourcesBuildPhase;
			buildActionMask = 2147483647;
			files = (
			);
			runOnlyForDeploymentPostprocessing = 0;
		};
/* End PBXResourcesBuildPhase section */

/* Begin PBXShellScriptBuildPhase section */
		0199C6F060C3250E3AAA56E7 /* [CP] Check Pods Manifest.lock */ = {
			isa = PBXShellScriptBuildPhase;
			buildActionMask = 2147483647;
			files = (
			);
			inputPaths = (
				"${PODS_PODFILE_DIR_PATH}/Podfile.lock",
				"${PODS_ROOT}/Manifest.lock",
			);
			name = "[CP] Check Pods Manifest.lock";
			outputPaths = (
				"$(DERIVED_FILE_DIR)/Pods-redeux-checkManifestLockResult.txt",
			);
			runOnlyForDeploymentPostprocessing = 0;
			shellPath = /bin/sh;
			shellScript = "diff \"${PODS_PODFILE_DIR_PATH}/Podfile.lock\" \"${PODS_ROOT}/Manifest.lock\" > /dev/null\nif [ $? != 0 ] ; then\n    # print error to STDERR\n    echo \"error: The sandbox is not in sync with the Podfile.lock. Run 'pod install' or update your CocoaPods installation.\" >&2\n    exit 1\nfi\n# This output is used by Xcode 'outputs' to avoid re-running this script phase.\necho \"SUCCESS\" > \"${SCRIPT_OUTPUT_FILE_0}\"\n";
			showEnvVarsInLog = 0;
		};
		491287F12133829700FAB2DA /* Compile Resources - R.swift */ = {
			isa = PBXShellScriptBuildPhase;
			buildActionMask = 2147483647;
			files = (
			);
			inputPaths = (
			);
			name = "Compile Resources - R.swift";
			outputPaths = (
			);
			runOnlyForDeploymentPostprocessing = 0;
			shellPath = /bin/sh;
			shellScript = "\"$PODS_ROOT/R.swift/rswift\" generate \"$SRCROOT\"";
		};
		A6148C7A51FCA8AD491D6D7A /* [CP] Embed Pods Frameworks */ = {
			isa = PBXShellScriptBuildPhase;
			buildActionMask = 2147483647;
			files = (
			);
			inputPaths = (
				"${SRCROOT}/Pods/Target Support Files/Pods-redeux/Pods-redeux-frameworks.sh",
				"${BUILT_PRODUCTS_DIR}/IQKeyboardManagerSwift/IQKeyboardManagerSwift.framework",
				"${BUILT_PRODUCTS_DIR}/PullToRefreshKit/PullToRefreshKit.framework",
				"${BUILT_PRODUCTS_DIR}/R.swift.Library/Rswift.framework",
				"${BUILT_PRODUCTS_DIR}/ReRxSwift/ReRxSwift.framework",
				"${BUILT_PRODUCTS_DIR}/ReSwift/ReSwift.framework",
				"${BUILT_PRODUCTS_DIR}/ReSwiftRouter/ReSwiftRouter.framework",
				"${BUILT_PRODUCTS_DIR}/RxCocoa/RxCocoa.framework",
				"${BUILT_PRODUCTS_DIR}/RxSwift/RxSwift.framework",
				"${BUILT_PRODUCTS_DIR}/SnapKit/SnapKit.framework",
				"${BUILT_PRODUCTS_DIR}/Toolbelt/Toolbelt.framework",
				"${BUILT_PRODUCTS_DIR}/ToolbeltUI/ToolbeltUI.framework",
			);
			name = "[CP] Embed Pods Frameworks";
			outputPaths = (
				"${TARGET_BUILD_DIR}/${FRAMEWORKS_FOLDER_PATH}/IQKeyboardManagerSwift.framework",
				"${TARGET_BUILD_DIR}/${FRAMEWORKS_FOLDER_PATH}/PullToRefreshKit.framework",
				"${TARGET_BUILD_DIR}/${FRAMEWORKS_FOLDER_PATH}/Rswift.framework",
				"${TARGET_BUILD_DIR}/${FRAMEWORKS_FOLDER_PATH}/ReRxSwift.framework",
				"${TARGET_BUILD_DIR}/${FRAMEWORKS_FOLDER_PATH}/ReSwift.framework",
				"${TARGET_BUILD_DIR}/${FRAMEWORKS_FOLDER_PATH}/ReSwiftRouter.framework",
				"${TARGET_BUILD_DIR}/${FRAMEWORKS_FOLDER_PATH}/RxCocoa.framework",
				"${TARGET_BUILD_DIR}/${FRAMEWORKS_FOLDER_PATH}/RxSwift.framework",
				"${TARGET_BUILD_DIR}/${FRAMEWORKS_FOLDER_PATH}/SnapKit.framework",
				"${TARGET_BUILD_DIR}/${FRAMEWORKS_FOLDER_PATH}/Toolbelt.framework",
				"${TARGET_BUILD_DIR}/${FRAMEWORKS_FOLDER_PATH}/ToolbeltUI.framework",
			);
			runOnlyForDeploymentPostprocessing = 0;
			shellPath = /bin/sh;
			shellScript = "\"${SRCROOT}/Pods/Target Support Files/Pods-redeux/Pods-redeux-frameworks.sh\"\n";
			showEnvVarsInLog = 0;
		};
		C27B9E885A68F7F1E58FB17F /* [CP] Check Pods Manifest.lock */ = {
			isa = PBXShellScriptBuildPhase;
			buildActionMask = 2147483647;
			files = (
			);
			inputPaths = (
				"${PODS_PODFILE_DIR_PATH}/Podfile.lock",
				"${PODS_ROOT}/Manifest.lock",
			);
			name = "[CP] Check Pods Manifest.lock";
			outputPaths = (
				"$(DERIVED_FILE_DIR)/Pods-redeuxTests-checkManifestLockResult.txt",
			);
			runOnlyForDeploymentPostprocessing = 0;
			shellPath = /bin/sh;
			shellScript = "diff \"${PODS_PODFILE_DIR_PATH}/Podfile.lock\" \"${PODS_ROOT}/Manifest.lock\" > /dev/null\nif [ $? != 0 ] ; then\n    # print error to STDERR\n    echo \"error: The sandbox is not in sync with the Podfile.lock. Run 'pod install' or update your CocoaPods installation.\" >&2\n    exit 1\nfi\n# This output is used by Xcode 'outputs' to avoid re-running this script phase.\necho \"SUCCESS\" > \"${SCRIPT_OUTPUT_FILE_0}\"\n";
			showEnvVarsInLog = 0;
		};
/* End PBXShellScriptBuildPhase section */

/* Begin PBXSourcesBuildPhase section */
		49573DDD213349B4008CB521 /* Sources */ = {
			isa = PBXSourcesBuildPhase;
			buildActionMask = 2147483647;
			files = (
				49573DE5213349B4008CB521 /* AppDelegate.swift in Sources */,
				4912880621338AA800FAB2DA /* RootRoutable.swift in Sources */,
				491287F5213386AD00FAB2DA /* Redux.swift in Sources */,
				49128811213398A300FAB2DA /* AuthActions.swift in Sources */,
				49128813213398FA00FAB2DA /* AuthState.swift in Sources */,
				491287FA2133876200FAB2DA /* AppState.swift in Sources */,
				491288192133AD2F00FAB2DA /* SignInReducer.swift in Sources */,
				4912880E2133987B00FAB2DA /* SessionProvider.swift in Sources */,
				4912880C2133923400FAB2DA /* SignInViewController.swift in Sources */,
				491288152133991F00FAB2DA /* Session.swift in Sources */,
				4912881B2133B2D200FAB2DA /* StoreLogger.swift in Sources */,
				4912881D2133B66800FAB2DA /* ActionLogger.swift in Sources */,
				491288172133A7DD00FAB2DA /* SignInState.swift in Sources */,
				49128801213388EE00FAB2DA /* Router.swift in Sources */,
				491288092133910500FAB2DA /* SplashViewController.swift in Sources */,
				491287FC213387B100FAB2DA /* AppReducer.swift in Sources */,
			);
			runOnlyForDeploymentPostprocessing = 0;
		};
		49573DF1213349B6008CB521 /* Sources */ = {
			isa = PBXSourcesBuildPhase;
			buildActionMask = 2147483647;
			files = (
				49573DFA213349B6008CB521 /* redeuxTests.swift in Sources */,
			);
			runOnlyForDeploymentPostprocessing = 0;
		};
/* End PBXSourcesBuildPhase section */

/* Begin PBXTargetDependency section */
		49573DF7213349B6008CB521 /* PBXTargetDependency */ = {
			isa = PBXTargetDependency;
			target = 49573DE0213349B4008CB521 /* redeux */;
			targetProxy = 49573DF6213349B6008CB521 /* PBXContainerItemProxy */;
		};
/* End PBXTargetDependency section */

/* Begin PBXVariantGroup section */
		49573DED213349B6008CB521 /* LaunchScreen.storyboard */ = {
			isa = PBXVariantGroup;
			children = (
				49573DEE213349B6008CB521 /* Base */,
			);
			name = LaunchScreen.storyboard;
			sourceTree = "<group>";
		};
/* End PBXVariantGroup section */

/* Begin XCBuildConfiguration section */
		49573DFC213349B6008CB521 /* Debug */ = {
			isa = XCBuildConfiguration;
			buildSettings = {
				ALWAYS_SEARCH_USER_PATHS = NO;
				CLANG_ANALYZER_NONNULL = YES;
				CLANG_ANALYZER_NUMBER_OBJECT_CONVERSION = YES_AGGRESSIVE;
				CLANG_CXX_LANGUAGE_STANDARD = "gnu++14";
				CLANG_CXX_LIBRARY = "libc++";
				CLANG_ENABLE_MODULES = YES;
				CLANG_ENABLE_OBJC_ARC = YES;
				CLANG_ENABLE_OBJC_WEAK = YES;
				CLANG_WARN_BLOCK_CAPTURE_AUTORELEASING = YES;
				CLANG_WARN_BOOL_CONVERSION = YES;
				CLANG_WARN_COMMA = YES;
				CLANG_WARN_CONSTANT_CONVERSION = YES;
				CLANG_WARN_DEPRECATED_OBJC_IMPLEMENTATIONS = YES;
				CLANG_WARN_DIRECT_OBJC_ISA_USAGE = YES_ERROR;
				CLANG_WARN_DOCUMENTATION_COMMENTS = YES;
				CLANG_WARN_EMPTY_BODY = YES;
				CLANG_WARN_ENUM_CONVERSION = YES;
				CLANG_WARN_INFINITE_RECURSION = YES;
				CLANG_WARN_INT_CONVERSION = YES;
				CLANG_WARN_NON_LITERAL_NULL_CONVERSION = YES;
				CLANG_WARN_OBJC_IMPLICIT_RETAIN_SELF = YES;
				CLANG_WARN_OBJC_LITERAL_CONVERSION = YES;
				CLANG_WARN_OBJC_ROOT_CLASS = YES_ERROR;
				CLANG_WARN_RANGE_LOOP_ANALYSIS = YES;
				CLANG_WARN_STRICT_PROTOTYPES = YES;
				CLANG_WARN_SUSPICIOUS_MOVE = YES;
				CLANG_WARN_UNGUARDED_AVAILABILITY = YES_AGGRESSIVE;
				CLANG_WARN_UNREACHABLE_CODE = YES;
				CLANG_WARN__DUPLICATE_METHOD_MATCH = YES;
				CODE_SIGN_IDENTITY = "iPhone Developer";
				COPY_PHASE_STRIP = NO;
				DEBUG_INFORMATION_FORMAT = dwarf;
				ENABLE_STRICT_OBJC_MSGSEND = YES;
				ENABLE_TESTABILITY = YES;
				GCC_C_LANGUAGE_STANDARD = gnu11;
				GCC_DYNAMIC_NO_PIC = NO;
				GCC_NO_COMMON_BLOCKS = YES;
				GCC_OPTIMIZATION_LEVEL = 0;
				GCC_PREPROCESSOR_DEFINITIONS = (
					"DEBUG=1",
					"$(inherited)",
				);
				GCC_WARN_64_TO_32_BIT_CONVERSION = YES;
				GCC_WARN_ABOUT_RETURN_TYPE = YES_ERROR;
				GCC_WARN_UNDECLARED_SELECTOR = YES;
				GCC_WARN_UNINITIALIZED_AUTOS = YES_AGGRESSIVE;
				GCC_WARN_UNUSED_FUNCTION = YES;
				GCC_WARN_UNUSED_VARIABLE = YES;
				IPHONEOS_DEPLOYMENT_TARGET = 11.4;
				MTL_ENABLE_DEBUG_INFO = YES;
				ONLY_ACTIVE_ARCH = YES;
				SDKROOT = iphoneos;
				SWIFT_ACTIVE_COMPILATION_CONDITIONS = DEBUG;
				SWIFT_OPTIMIZATION_LEVEL = "-Onone";
			};
			name = Debug;
		};
		49573DFD213349B6008CB521 /* Release */ = {
			isa = XCBuildConfiguration;
			buildSettings = {
				ALWAYS_SEARCH_USER_PATHS = NO;
				CLANG_ANALYZER_NONNULL = YES;
				CLANG_ANALYZER_NUMBER_OBJECT_CONVERSION = YES_AGGRESSIVE;
				CLANG_CXX_LANGUAGE_STANDARD = "gnu++14";
				CLANG_CXX_LIBRARY = "libc++";
				CLANG_ENABLE_MODULES = YES;
				CLANG_ENABLE_OBJC_ARC = YES;
				CLANG_ENABLE_OBJC_WEAK = YES;
				CLANG_WARN_BLOCK_CAPTURE_AUTORELEASING = YES;
				CLANG_WARN_BOOL_CONVERSION = YES;
				CLANG_WARN_COMMA = YES;
				CLANG_WARN_CONSTANT_CONVERSION = YES;
				CLANG_WARN_DEPRECATED_OBJC_IMPLEMENTATIONS = YES;
				CLANG_WARN_DIRECT_OBJC_ISA_USAGE = YES_ERROR;
				CLANG_WARN_DOCUMENTATION_COMMENTS = YES;
				CLANG_WARN_EMPTY_BODY = YES;
				CLANG_WARN_ENUM_CONVERSION = YES;
				CLANG_WARN_INFINITE_RECURSION = YES;
				CLANG_WARN_INT_CONVERSION = YES;
				CLANG_WARN_NON_LITERAL_NULL_CONVERSION = YES;
				CLANG_WARN_OBJC_IMPLICIT_RETAIN_SELF = YES;
				CLANG_WARN_OBJC_LITERAL_CONVERSION = YES;
				CLANG_WARN_OBJC_ROOT_CLASS = YES_ERROR;
				CLANG_WARN_RANGE_LOOP_ANALYSIS = YES;
				CLANG_WARN_STRICT_PROTOTYPES = YES;
				CLANG_WARN_SUSPICIOUS_MOVE = YES;
				CLANG_WARN_UNGUARDED_AVAILABILITY = YES_AGGRESSIVE;
				CLANG_WARN_UNREACHABLE_CODE = YES;
				CLANG_WARN__DUPLICATE_METHOD_MATCH = YES;
				CODE_SIGN_IDENTITY = "iPhone Developer";
				COPY_PHASE_STRIP = NO;
				DEBUG_INFORMATION_FORMAT = "dwarf-with-dsym";
				ENABLE_NS_ASSERTIONS = NO;
				ENABLE_STRICT_OBJC_MSGSEND = YES;
				GCC_C_LANGUAGE_STANDARD = gnu11;
				GCC_NO_COMMON_BLOCKS = YES;
				GCC_WARN_64_TO_32_BIT_CONVERSION = YES;
				GCC_WARN_ABOUT_RETURN_TYPE = YES_ERROR;
				GCC_WARN_UNDECLARED_SELECTOR = YES;
				GCC_WARN_UNINITIALIZED_AUTOS = YES_AGGRESSIVE;
				GCC_WARN_UNUSED_FUNCTION = YES;
				GCC_WARN_UNUSED_VARIABLE = YES;
				IPHONEOS_DEPLOYMENT_TARGET = 11.4;
				MTL_ENABLE_DEBUG_INFO = NO;
				SDKROOT = iphoneos;
				SWIFT_COMPILATION_MODE = wholemodule;
				SWIFT_OPTIMIZATION_LEVEL = "-O";
				VALIDATE_PRODUCT = YES;
			};
			name = Release;
		};
		49573DFF213349B6008CB521 /* Debug */ = {
			isa = XCBuildConfiguration;
			baseConfigurationReference = 93FF7E2D423B0FA7B0FA2A96 /* Pods-redeux.debug.xcconfig */;
			buildSettings = {
				ASSETCATALOG_COMPILER_APPICON_NAME = AppIcon;
				CODE_SIGN_STYLE = Automatic;
				DEVELOPMENT_TEAM = SEXX3ZFBGN;
				INFOPLIST_FILE = redeux/Info.plist;
				LD_RUNPATH_SEARCH_PATHS = (
					"$(inherited)",
					"@executable_path/Frameworks",
				);
				PRODUCT_BUNDLE_IDENTIFIER = com.wells.redeux;
				PRODUCT_NAME = "$(TARGET_NAME)";
				SWIFT_VERSION = 4.0;
				TARGETED_DEVICE_FAMILY = "1,2";
			};
			name = Debug;
		};
		49573E00213349B6008CB521 /* Release */ = {
			isa = XCBuildConfiguration;
			baseConfigurationReference = 6EA40BDE40893439CF120C77 /* Pods-redeux.release.xcconfig */;
			buildSettings = {
				ASSETCATALOG_COMPILER_APPICON_NAME = AppIcon;
				CODE_SIGN_STYLE = Automatic;
				DEVELOPMENT_TEAM = SEXX3ZFBGN;
				INFOPLIST_FILE = redeux/Info.plist;
				LD_RUNPATH_SEARCH_PATHS = (
					"$(inherited)",
					"@executable_path/Frameworks",
				);
				PRODUCT_BUNDLE_IDENTIFIER = com.wells.redeux;
				PRODUCT_NAME = "$(TARGET_NAME)";
				SWIFT_VERSION = 4.0;
				TARGETED_DEVICE_FAMILY = "1,2";
			};
			name = Release;
		};
		49573E02213349B6008CB521 /* Debug */ = {
			isa = XCBuildConfiguration;
			baseConfigurationReference = 1F91B14AECC63123E89CD299 /* Pods-redeuxTests.debug.xcconfig */;
			buildSettings = {
				ALWAYS_EMBED_SWIFT_STANDARD_LIBRARIES = YES;
				BUNDLE_LOADER = "$(TEST_HOST)";
				CODE_SIGN_STYLE = Automatic;
				DEVELOPMENT_TEAM = SEXX3ZFBGN;
				INFOPLIST_FILE = redeuxTests/Info.plist;
				LD_RUNPATH_SEARCH_PATHS = (
					"$(inherited)",
					"@executable_path/Frameworks",
					"@loader_path/Frameworks",
				);
				PRODUCT_BUNDLE_IDENTIFIER = com.wells.redeuxTests;
				PRODUCT_NAME = "$(TARGET_NAME)";
				SWIFT_VERSION = 4.0;
				TARGETED_DEVICE_FAMILY = "1,2";
				TEST_HOST = "$(BUILT_PRODUCTS_DIR)/redeux.app/redeux";
			};
			name = Debug;
		};
		49573E03213349B6008CB521 /* Release */ = {
			isa = XCBuildConfiguration;
			baseConfigurationReference = 47DFD92EB36018F3102983E0 /* Pods-redeuxTests.release.xcconfig */;
			buildSettings = {
				ALWAYS_EMBED_SWIFT_STANDARD_LIBRARIES = YES;
				BUNDLE_LOADER = "$(TEST_HOST)";
				CODE_SIGN_STYLE = Automatic;
				DEVELOPMENT_TEAM = SEXX3ZFBGN;
				INFOPLIST_FILE = redeuxTests/Info.plist;
				LD_RUNPATH_SEARCH_PATHS = (
					"$(inherited)",
					"@executable_path/Frameworks",
					"@loader_path/Frameworks",
				);
				PRODUCT_BUNDLE_IDENTIFIER = com.wells.redeuxTests;
				PRODUCT_NAME = "$(TARGET_NAME)";
				SWIFT_VERSION = 4.0;
				TARGETED_DEVICE_FAMILY = "1,2";
				TEST_HOST = "$(BUILT_PRODUCTS_DIR)/redeux.app/redeux";
			};
			name = Release;
		};
/* End XCBuildConfiguration section */

/* Begin XCConfigurationList section */
		49573DDC213349B4008CB521 /* Build configuration list for PBXProject "redeux" */ = {
			isa = XCConfigurationList;
			buildConfigurations = (
				49573DFC213349B6008CB521 /* Debug */,
				49573DFD213349B6008CB521 /* Release */,
			);
			defaultConfigurationIsVisible = 0;
			defaultConfigurationName = Release;
		};
		49573DFE213349B6008CB521 /* Build configuration list for PBXNativeTarget "redeux" */ = {
			isa = XCConfigurationList;
			buildConfigurations = (
				49573DFF213349B6008CB521 /* Debug */,
				49573E00213349B6008CB521 /* Release */,
			);
			defaultConfigurationIsVisible = 0;
			defaultConfigurationName = Release;
		};
		49573E01213349B6008CB521 /* Build configuration list for PBXNativeTarget "redeuxTests" */ = {
			isa = XCConfigurationList;
			buildConfigurations = (
				49573E02213349B6008CB521 /* Debug */,
				49573E03213349B6008CB521 /* Release */,
			);
			defaultConfigurationIsVisible = 0;
			defaultConfigurationName = Release;
		};
/* End XCConfigurationList section */
	};
	rootObject = 49573DD9213349B4008CB521 /* Project object */;
}
